// !$*UTF8*$!
{
	archiveVersion = 1;
	classes = {
	};
	objectVersion = 51;
	objects = {

/* Begin PBXBuildFile section */
		1822F5FD25CA35D10085CDE9 /* ChartListViewController.swift in Sources */ = {isa = PBXBuildFile; fileRef = 1822F5FC25CA35D10085CDE9 /* ChartListViewController.swift */; };
		1822F60225CA35DE0085CDE9 /* ChartDetailViewController.swift in Sources */ = {isa = PBXBuildFile; fileRef = 1822F60125CA35DE0085CDE9 /* ChartDetailViewController.swift */; };
		1822F60725CA35F00085CDE9 /* NewsViewController.swift in Sources */ = {isa = PBXBuildFile; fileRef = 1822F60625CA35F00085CDE9 /* NewsViewController.swift */; };
		1822F60C25CA35FA0085CDE9 /* SettingsViewController.swift in Sources */ = {isa = PBXBuildFile; fileRef = 1822F60B25CA35FA0085CDE9 /* SettingsViewController.swift */; };
		1822F61225CA38080085CDE9 /* Chart.storyboard in Resources */ = {isa = PBXBuildFile; fileRef = 1822F61025CA38080085CDE9 /* Chart.storyboard */; };
		1822F61725CA38190085CDE9 /* News.storyboard in Resources */ = {isa = PBXBuildFile; fileRef = 1822F61625CA38190085CDE9 /* News.storyboard */; };
		1822F61D25CA382A0085CDE9 /* Settings.storyboard in Resources */ = {isa = PBXBuildFile; fileRef = 1822F61B25CA382A0085CDE9 /* Settings.storyboard */; };
		186CAE6A25C8B7D00007EF9F /* AppDelegate.swift in Sources */ = {isa = PBXBuildFile; fileRef = 186CAE6925C8B7D00007EF9F /* AppDelegate.swift */; };
		186CAE6C25C8B7D00007EF9F /* SceneDelegate.swift in Sources */ = {isa = PBXBuildFile; fileRef = 186CAE6B25C8B7D00007EF9F /* SceneDelegate.swift */; };
		186CAE7125C8B7D00007EF9F /* Main.storyboard in Resources */ = {isa = PBXBuildFile; fileRef = 186CAE6F25C8B7D00007EF9F /* Main.storyboard */; };
		186CAE7325C8B7D10007EF9F /* Assets.xcassets in Resources */ = {isa = PBXBuildFile; fileRef = 186CAE7225C8B7D10007EF9F /* Assets.xcassets */; };
		186CAE7625C8B7D10007EF9F /* LaunchScreen.storyboard in Resources */ = {isa = PBXBuildFile; fileRef = 186CAE7425C8B7D10007EF9F /* LaunchScreen.storyboard */; };
		186CAE8125C8B7D10007EF9F /* CoinBoardTests.swift in Sources */ = {isa = PBXBuildFile; fileRef = 186CAE8025C8B7D10007EF9F /* CoinBoardTests.swift */; };
		186CAE8C25C8B7D10007EF9F /* CoinBoardUITests.swift in Sources */ = {isa = PBXBuildFile; fileRef = 186CAE8B25C8B7D10007EF9F /* CoinBoardUITests.swift */; };
		18E5261425CB8ED000D95067 /* Article.swift in Sources */ = {isa = PBXBuildFile; fileRef = 18E5261325CB8ED000D95067 /* Article.swift */; };
		18E5261625CB8ED900D95067 /* ChartData.swift in Sources */ = {isa = PBXBuildFile; fileRef = 18E5261525CB8ED900D95067 /* ChartData.swift */; };
		18E5261B25CB8EE200D95067 /* CoinData.swift in Sources */ = {isa = PBXBuildFile; fileRef = 18E5261A25CB8EE100D95067 /* CoinData.swift */; };
		18E5262025CB8EEA00D95067 /* Period.swift in Sources */ = {isa = PBXBuildFile; fileRef = 18E5261F25CB8EEA00D95067 /* Period.swift */; };
		18E5263625CB96EB00D95067 /* Request.swift in Sources */ = {isa = PBXBuildFile; fileRef = 18E5263525CB96EB00D95067 /* Request.swift */; };
		18E5263B25CB99F200D95067 /* EndPoint.swift in Sources */ = {isa = PBXBuildFile; fileRef = 18E5263A25CB99F200D95067 /* EndPoint.swift */; };
		18E5264025CB9A3900D95067 /* CoinListRequest.swift in Sources */ = {isa = PBXBuildFile; fileRef = 18E5263F25CB9A3900D95067 /* CoinListRequest.swift */; };
		18E5264525CB9A8A00D95067 /* CoinChartDataRequest.swift in Sources */ = {isa = PBXBuildFile; fileRef = 18E5264425CB9A8A00D95067 /* CoinChartDataRequest.swift */; };
		18E5264A25CB9AE400D95067 /* NewsListRequest.swift in Sources */ = {isa = PBXBuildFile; fileRef = 18E5264925CB9AE400D95067 /* NewsListRequest.swift */; };
		18E5264F25CB9B3100D95067 /* NetworkManager.swift in Sources */ = {isa = PBXBuildFile; fileRef = 18E5264E25CB9B3100D95067 /* NetworkManager.swift */; };
		59EC909FEB63ED0D55A5A310 /* Pods_CoinBoard_CoinBoardUITests.framework in Frameworks */ = {isa = PBXBuildFile; fileRef = A84F5014107D3F61F0A399A9 /* Pods_CoinBoard_CoinBoardUITests.framework */; };
		6EC9A5FAA2AD23D0EA0D80BE /* Pods_CoinBoardTests.framework in Frameworks */ = {isa = PBXBuildFile; fileRef = 2CB3BBB4972C12558A3EADA8 /* Pods_CoinBoardTests.framework */; };
		C8147D06333185D0A8D1CEF5 /* Pods_CoinBoard.framework in Frameworks */ = {isa = PBXBuildFile; fileRef = 2F7AA9BACEF8621FF3B4D44C /* Pods_CoinBoard.framework */; };
/* End PBXBuildFile section */

/* Begin PBXContainerItemProxy section */
		186CAE7D25C8B7D10007EF9F /* PBXContainerItemProxy */ = {
			isa = PBXContainerItemProxy;
			containerPortal = 186CAE5E25C8B7D00007EF9F /* Project object */;
			proxyType = 1;
			remoteGlobalIDString = 186CAE6525C8B7D00007EF9F;
			remoteInfo = CoinBoard;
		};
		186CAE8825C8B7D10007EF9F /* PBXContainerItemProxy */ = {
			isa = PBXContainerItemProxy;
			containerPortal = 186CAE5E25C8B7D00007EF9F /* Project object */;
			proxyType = 1;
			remoteGlobalIDString = 186CAE6525C8B7D00007EF9F;
			remoteInfo = CoinBoard;
		};
/* End PBXContainerItemProxy section */

/* Begin PBXFileReference section */
		1822F5FC25CA35D10085CDE9 /* ChartListViewController.swift */ = {isa = PBXFileReference; lastKnownFileType = sourcecode.swift; path = ChartListViewController.swift; sourceTree = "<group>"; };
		1822F60125CA35DE0085CDE9 /* ChartDetailViewController.swift */ = {isa = PBXFileReference; lastKnownFileType = sourcecode.swift; path = ChartDetailViewController.swift; sourceTree = "<group>"; };
		1822F60625CA35F00085CDE9 /* NewsViewController.swift */ = {isa = PBXFileReference; lastKnownFileType = sourcecode.swift; path = NewsViewController.swift; sourceTree = "<group>"; };
		1822F60B25CA35FA0085CDE9 /* SettingsViewController.swift */ = {isa = PBXFileReference; lastKnownFileType = sourcecode.swift; path = SettingsViewController.swift; sourceTree = "<group>"; };
		1822F61125CA38080085CDE9 /* Base */ = {isa = PBXFileReference; lastKnownFileType = file.storyboard; name = Base; path = CoinBoard/Base.lproj/Chart.storyboard; sourceTree = SOURCE_ROOT; };
		1822F61625CA38190085CDE9 /* News.storyboard */ = {isa = PBXFileReference; fileEncoding = 4; lastKnownFileType = file.storyboard; path = News.storyboard; sourceTree = SOURCE_ROOT; };
		1822F61C25CA382A0085CDE9 /* Base */ = {isa = PBXFileReference; lastKnownFileType = file.storyboard; name = Base; path = CoinBoard/Base.lproj/Settings.storyboard; sourceTree = SOURCE_ROOT; };
		186CAE6625C8B7D00007EF9F /* CoinBoard.app */ = {isa = PBXFileReference; explicitFileType = wrapper.application; includeInIndex = 0; path = CoinBoard.app; sourceTree = BUILT_PRODUCTS_DIR; };
		186CAE6925C8B7D00007EF9F /* AppDelegate.swift */ = {isa = PBXFileReference; lastKnownFileType = sourcecode.swift; path = AppDelegate.swift; sourceTree = "<group>"; };
		186CAE6B25C8B7D00007EF9F /* SceneDelegate.swift */ = {isa = PBXFileReference; lastKnownFileType = sourcecode.swift; path = SceneDelegate.swift; sourceTree = "<group>"; };
		186CAE7025C8B7D00007EF9F /* Base */ = {isa = PBXFileReference; lastKnownFileType = file.storyboard; name = Base; path = Base.lproj/Main.storyboard; sourceTree = "<group>"; };
		186CAE7225C8B7D10007EF9F /* Assets.xcassets */ = {isa = PBXFileReference; lastKnownFileType = folder.assetcatalog; path = Assets.xcassets; sourceTree = "<group>"; };
		186CAE7525C8B7D10007EF9F /* Base */ = {isa = PBXFileReference; lastKnownFileType = file.storyboard; name = Base; path = Base.lproj/LaunchScreen.storyboard; sourceTree = "<group>"; };
		186CAE7725C8B7D10007EF9F /* Info.plist */ = {isa = PBXFileReference; lastKnownFileType = text.plist.xml; path = Info.plist; sourceTree = "<group>"; };
		186CAE7C25C8B7D10007EF9F /* CoinBoardTests.xctest */ = {isa = PBXFileReference; explicitFileType = wrapper.cfbundle; includeInIndex = 0; path = CoinBoardTests.xctest; sourceTree = BUILT_PRODUCTS_DIR; };
		186CAE8025C8B7D10007EF9F /* CoinBoardTests.swift */ = {isa = PBXFileReference; lastKnownFileType = sourcecode.swift; path = CoinBoardTests.swift; sourceTree = "<group>"; };
		186CAE8225C8B7D10007EF9F /* Info.plist */ = {isa = PBXFileReference; lastKnownFileType = text.plist.xml; path = Info.plist; sourceTree = "<group>"; };
		186CAE8725C8B7D10007EF9F /* CoinBoardUITests.xctest */ = {isa = PBXFileReference; explicitFileType = wrapper.cfbundle; includeInIndex = 0; path = CoinBoardUITests.xctest; sourceTree = BUILT_PRODUCTS_DIR; };
		186CAE8B25C8B7D10007EF9F /* CoinBoardUITests.swift */ = {isa = PBXFileReference; lastKnownFileType = sourcecode.swift; path = CoinBoardUITests.swift; sourceTree = "<group>"; };
		186CAE8D25C8B7D10007EF9F /* Info.plist */ = {isa = PBXFileReference; lastKnownFileType = text.plist.xml; path = Info.plist; sourceTree = "<group>"; };
		18E5261325CB8ED000D95067 /* Article.swift */ = {isa = PBXFileReference; lastKnownFileType = sourcecode.swift; path = Article.swift; sourceTree = "<group>"; };
		18E5261525CB8ED900D95067 /* ChartData.swift */ = {isa = PBXFileReference; lastKnownFileType = sourcecode.swift; path = ChartData.swift; sourceTree = "<group>"; };
		18E5261A25CB8EE100D95067 /* CoinData.swift */ = {isa = PBXFileReference; lastKnownFileType = sourcecode.swift; path = CoinData.swift; sourceTree = "<group>"; };
		18E5261F25CB8EEA00D95067 /* Period.swift */ = {isa = PBXFileReference; lastKnownFileType = sourcecode.swift; path = Period.swift; sourceTree = "<group>"; };
		18E5263525CB96EB00D95067 /* Request.swift */ = {isa = PBXFileReference; lastKnownFileType = sourcecode.swift; path = Request.swift; sourceTree = "<group>"; };
		18E5263A25CB99F200D95067 /* EndPoint.swift */ = {isa = PBXFileReference; lastKnownFileType = sourcecode.swift; path = EndPoint.swift; sourceTree = "<group>"; };
		18E5263F25CB9A3900D95067 /* CoinListRequest.swift */ = {isa = PBXFileReference; lastKnownFileType = sourcecode.swift; path = CoinListRequest.swift; sourceTree = "<group>"; };
		18E5264425CB9A8A00D95067 /* CoinChartDataRequest.swift */ = {isa = PBXFileReference; lastKnownFileType = sourcecode.swift; path = CoinChartDataRequest.swift; sourceTree = "<group>"; };
		18E5264925CB9AE400D95067 /* NewsListRequest.swift */ = {isa = PBXFileReference; lastKnownFileType = sourcecode.swift; path = NewsListRequest.swift; sourceTree = "<group>"; };
		18E5264E25CB9B3100D95067 /* NetworkManager.swift */ = {isa = PBXFileReference; lastKnownFileType = sourcecode.swift; path = NetworkManager.swift; sourceTree = "<group>"; };
		2CB3BBB4972C12558A3EADA8 /* Pods_CoinBoardTests.framework */ = {isa = PBXFileReference; explicitFileType = wrapper.framework; includeInIndex = 0; path = Pods_CoinBoardTests.framework; sourceTree = BUILT_PRODUCTS_DIR; };
		2F7AA9BACEF8621FF3B4D44C /* Pods_CoinBoard.framework */ = {isa = PBXFileReference; explicitFileType = wrapper.framework; includeInIndex = 0; path = Pods_CoinBoard.framework; sourceTree = BUILT_PRODUCTS_DIR; };
		591DA14D20A4F0A9488E706A /* Pods-CoinBoardTests.debug.xcconfig */ = {isa = PBXFileReference; includeInIndex = 1; lastKnownFileType = text.xcconfig; name = "Pods-CoinBoardTests.debug.xcconfig"; path = "Target Support Files/Pods-CoinBoardTests/Pods-CoinBoardTests.debug.xcconfig"; sourceTree = "<group>"; };
		78D1D1FDD12621199E4F7B35 /* Pods-CoinBoard-CoinBoardUITests.debug.xcconfig */ = {isa = PBXFileReference; includeInIndex = 1; lastKnownFileType = text.xcconfig; name = "Pods-CoinBoard-CoinBoardUITests.debug.xcconfig"; path = "Target Support Files/Pods-CoinBoard-CoinBoardUITests/Pods-CoinBoard-CoinBoardUITests.debug.xcconfig"; sourceTree = "<group>"; };
		94A7507B67EA1B770CBDE48A /* Pods-CoinBoard.debug.xcconfig */ = {isa = PBXFileReference; includeInIndex = 1; lastKnownFileType = text.xcconfig; name = "Pods-CoinBoard.debug.xcconfig"; path = "Target Support Files/Pods-CoinBoard/Pods-CoinBoard.debug.xcconfig"; sourceTree = "<group>"; };
		A84F5014107D3F61F0A399A9 /* Pods_CoinBoard_CoinBoardUITests.framework */ = {isa = PBXFileReference; explicitFileType = wrapper.framework; includeInIndex = 0; path = Pods_CoinBoard_CoinBoardUITests.framework; sourceTree = BUILT_PRODUCTS_DIR; };
		D73D409E962773C299C6380B /* Pods-CoinBoard-CoinBoardUITests.release.xcconfig */ = {isa = PBXFileReference; includeInIndex = 1; lastKnownFileType = text.xcconfig; name = "Pods-CoinBoard-CoinBoardUITests.release.xcconfig"; path = "Target Support Files/Pods-CoinBoard-CoinBoardUITests/Pods-CoinBoard-CoinBoardUITests.release.xcconfig"; sourceTree = "<group>"; };
		DDC3B10D53D132956EC0881D /* Pods-CoinBoardTests.release.xcconfig */ = {isa = PBXFileReference; includeInIndex = 1; lastKnownFileType = text.xcconfig; name = "Pods-CoinBoardTests.release.xcconfig"; path = "Target Support Files/Pods-CoinBoardTests/Pods-CoinBoardTests.release.xcconfig"; sourceTree = "<group>"; };
		EAC6114E1FD2056ACDA12604 /* Pods-CoinBoard.release.xcconfig */ = {isa = PBXFileReference; includeInIndex = 1; lastKnownFileType = text.xcconfig; name = "Pods-CoinBoard.release.xcconfig"; path = "Target Support Files/Pods-CoinBoard/Pods-CoinBoard.release.xcconfig"; sourceTree = "<group>"; };
/* End PBXFileReference section */

/* Begin PBXFrameworksBuildPhase section */
		186CAE6325C8B7D00007EF9F /* Frameworks */ = {
			isa = PBXFrameworksBuildPhase;
			buildActionMask = 2147483647;
			files = (
				C8147D06333185D0A8D1CEF5 /* Pods_CoinBoard.framework in Frameworks */,
			);
			runOnlyForDeploymentPostprocessing = 0;
		};
		186CAE7925C8B7D10007EF9F /* Frameworks */ = {
			isa = PBXFrameworksBuildPhase;
			buildActionMask = 2147483647;
			files = (
				6EC9A5FAA2AD23D0EA0D80BE /* Pods_CoinBoardTests.framework in Frameworks */,
			);
			runOnlyForDeploymentPostprocessing = 0;
		};
		186CAE8425C8B7D10007EF9F /* Frameworks */ = {
			isa = PBXFrameworksBuildPhase;
			buildActionMask = 2147483647;
			files = (
				59EC909FEB63ED0D55A5A310 /* Pods_CoinBoard_CoinBoardUITests.framework in Frameworks */,
			);
			runOnlyForDeploymentPostprocessing = 0;
		};
/* End PBXFrameworksBuildPhase section */

/* Begin PBXGroup section */
		1822F5F025CA34E10085CDE9 /* Extension */ = {
			isa = PBXGroup;
			children = (
			);
			path = Extension;
			sourceTree = "<group>";
		};
		1822F5F125CA34EB0085CDE9 /* Model */ = {
			isa = PBXGroup;
			children = (
				18E5261325CB8ED000D95067 /* Article.swift */,
				18E5261525CB8ED900D95067 /* ChartData.swift */,
				18E5261A25CB8EE100D95067 /* CoinData.swift */,
				18E5261F25CB8EEA00D95067 /* Period.swift */,
			);
			path = Model;
			sourceTree = "<group>";
		};
		1822F5F225CA34F10085CDE9 /* Network */ = {
			isa = PBXGroup;
			children = (
				18E5263525CB96EB00D95067 /* Request.swift */,
				18E5263A25CB99F200D95067 /* EndPoint.swift */,
				18E5263F25CB9A3900D95067 /* CoinListRequest.swift */,
				18E5264425CB9A8A00D95067 /* CoinChartDataRequest.swift */,
				18E5264925CB9AE400D95067 /* NewsListRequest.swift */,
				18E5264E25CB9B3100D95067 /* NetworkManager.swift */,
			);
			path = Network;
			sourceTree = "<group>";
		};
		1822F5F325CA34F60085CDE9 /* Settings */ = {
			isa = PBXGroup;
			children = (
				1822F61B25CA382A0085CDE9 /* Settings.storyboard */,
				1822F60B25CA35FA0085CDE9 /* SettingsViewController.swift */,
			);
			path = Settings;
			sourceTree = "<group>";
		};
		1822F5F425CA34F90085CDE9 /* News */ = {
			isa = PBXGroup;
			children = (
				1822F61625CA38190085CDE9 /* News.storyboard */,
				1822F60625CA35F00085CDE9 /* NewsViewController.swift */,
			);
			path = News;
			sourceTree = "<group>";
		};
		1822F5F525CA34FB0085CDE9 /* Chart */ = {
			isa = PBXGroup;
			children = (
				1822F61025CA38080085CDE9 /* Chart.storyboard */,
				1822F5FC25CA35D10085CDE9 /* ChartListViewController.swift */,
				1822F60125CA35DE0085CDE9 /* ChartDetailViewController.swift */,
			);
			path = Chart;
			sourceTree = "<group>";
		};
		186CAE5D25C8B7D00007EF9F = {
			isa = PBXGroup;
			children = (
				186CAE6825C8B7D00007EF9F /* CoinBoard */,
				186CAE7F25C8B7D10007EF9F /* CoinBoardTests */,
				186CAE8A25C8B7D10007EF9F /* CoinBoardUITests */,
				186CAE6725C8B7D00007EF9F /* Products */,
				BE2D15536444B1598D3057C9 /* Pods */,
				7006E86F0DA90272F4187CA5 /* Frameworks */,
			);
			sourceTree = "<group>";
		};
		186CAE6725C8B7D00007EF9F /* Products */ = {
			isa = PBXGroup;
			children = (
				186CAE6625C8B7D00007EF9F /* CoinBoard.app */,
				186CAE7C25C8B7D10007EF9F /* CoinBoardTests.xctest */,
				186CAE8725C8B7D10007EF9F /* CoinBoardUITests.xctest */,
			);
			name = Products;
			sourceTree = "<group>";
		};
		186CAE6825C8B7D00007EF9F /* CoinBoard */ = {
			isa = PBXGroup;
			children = (
				1822F5F525CA34FB0085CDE9 /* Chart */,
				1822F5F425CA34F90085CDE9 /* News */,
				1822F5F325CA34F60085CDE9 /* Settings */,
				1822F5F225CA34F10085CDE9 /* Network */,
				1822F5F125CA34EB0085CDE9 /* Model */,
				1822F5F025CA34E10085CDE9 /* Extension */,
				186CAE6925C8B7D00007EF9F /* AppDelegate.swift */,
				186CAE6B25C8B7D00007EF9F /* SceneDelegate.swift */,
				186CAE6F25C8B7D00007EF9F /* Main.storyboard */,
				186CAE7225C8B7D10007EF9F /* Assets.xcassets */,
				186CAE7425C8B7D10007EF9F /* LaunchScreen.storyboard */,
				186CAE7725C8B7D10007EF9F /* Info.plist */,
			);
			path = CoinBoard;
			sourceTree = "<group>";
		};
		186CAE7F25C8B7D10007EF9F /* CoinBoardTests */ = {
			isa = PBXGroup;
			children = (
				186CAE8025C8B7D10007EF9F /* CoinBoardTests.swift */,
				186CAE8225C8B7D10007EF9F /* Info.plist */,
			);
			path = CoinBoardTests;
			sourceTree = "<group>";
		};
		186CAE8A25C8B7D10007EF9F /* CoinBoardUITests */ = {
			isa = PBXGroup;
			children = (
				186CAE8B25C8B7D10007EF9F /* CoinBoardUITests.swift */,
				186CAE8D25C8B7D10007EF9F /* Info.plist */,
			);
			path = CoinBoardUITests;
			sourceTree = "<group>";
		};
		7006E86F0DA90272F4187CA5 /* Frameworks */ = {
			isa = PBXGroup;
			children = (
				2F7AA9BACEF8621FF3B4D44C /* Pods_CoinBoard.framework */,
				A84F5014107D3F61F0A399A9 /* Pods_CoinBoard_CoinBoardUITests.framework */,
				2CB3BBB4972C12558A3EADA8 /* Pods_CoinBoardTests.framework */,
			);
			name = Frameworks;
			sourceTree = "<group>";
		};
		BE2D15536444B1598D3057C9 /* Pods */ = {
			isa = PBXGroup;
			children = (
				94A7507B67EA1B770CBDE48A /* Pods-CoinBoard.debug.xcconfig */,
				EAC6114E1FD2056ACDA12604 /* Pods-CoinBoard.release.xcconfig */,
				78D1D1FDD12621199E4F7B35 /* Pods-CoinBoard-CoinBoardUITests.debug.xcconfig */,
				D73D409E962773C299C6380B /* Pods-CoinBoard-CoinBoardUITests.release.xcconfig */,
				591DA14D20A4F0A9488E706A /* Pods-CoinBoardTests.debug.xcconfig */,
				DDC3B10D53D132956EC0881D /* Pods-CoinBoardTests.release.xcconfig */,
			);
			path = Pods;
			sourceTree = "<group>";
		};
/* End PBXGroup section */

/* Begin PBXNativeTarget section */
		186CAE6525C8B7D00007EF9F /* CoinBoard */ = {
			isa = PBXNativeTarget;
			buildConfigurationList = 186CAE9025C8B7D10007EF9F /* Build configuration list for PBXNativeTarget "CoinBoard" */;
			buildPhases = (
				0B84CD7E116209E7B0973F90 /* [CP] Check Pods Manifest.lock */,
				186CAE6225C8B7D00007EF9F /* Sources */,
				186CAE6325C8B7D00007EF9F /* Frameworks */,
				186CAE6425C8B7D00007EF9F /* Resources */,
				255F2B48ABDB10F21B6335E0 /* [CP] Embed Pods Frameworks */,
			);
			buildRules = (
			);
			dependencies = (
			);
			name = CoinBoard;
			productName = CoinBoard;
			productReference = 186CAE6625C8B7D00007EF9F /* CoinBoard.app */;
			productType = "com.apple.product-type.application";
		};
		186CAE7B25C8B7D10007EF9F /* CoinBoardTests */ = {
			isa = PBXNativeTarget;
			buildConfigurationList = 186CAE9325C8B7D10007EF9F /* Build configuration list for PBXNativeTarget "CoinBoardTests" */;
			buildPhases = (
				F9F86F9EB2A791D4C9EDE23B /* [CP] Check Pods Manifest.lock */,
				186CAE7825C8B7D10007EF9F /* Sources */,
				186CAE7925C8B7D10007EF9F /* Frameworks */,
				186CAE7A25C8B7D10007EF9F /* Resources */,
			);
			buildRules = (
			);
			dependencies = (
				186CAE7E25C8B7D10007EF9F /* PBXTargetDependency */,
			);
			name = CoinBoardTests;
			productName = CoinBoardTests;
			productReference = 186CAE7C25C8B7D10007EF9F /* CoinBoardTests.xctest */;
			productType = "com.apple.product-type.bundle.unit-test";
		};
		186CAE8625C8B7D10007EF9F /* CoinBoardUITests */ = {
			isa = PBXNativeTarget;
			buildConfigurationList = 186CAE9625C8B7D10007EF9F /* Build configuration list for PBXNativeTarget "CoinBoardUITests" */;
			buildPhases = (
				82710E727CB9AC13F0DB5896 /* [CP] Check Pods Manifest.lock */,
				186CAE8325C8B7D10007EF9F /* Sources */,
				186CAE8425C8B7D10007EF9F /* Frameworks */,
				186CAE8525C8B7D10007EF9F /* Resources */,
				9A5A392FA9E615E18021EC82 /* [CP] Embed Pods Frameworks */,
			);
			buildRules = (
			);
			dependencies = (
				186CAE8925C8B7D10007EF9F /* PBXTargetDependency */,
			);
			name = CoinBoardUITests;
			productName = CoinBoardUITests;
			productReference = 186CAE8725C8B7D10007EF9F /* CoinBoardUITests.xctest */;
			productType = "com.apple.product-type.bundle.ui-testing";
		};
/* End PBXNativeTarget section */

/* Begin PBXProject section */
		186CAE5E25C8B7D00007EF9F /* Project object */ = {
			isa = PBXProject;
			attributes = {
				LastSwiftUpdateCheck = 1230;
				LastUpgradeCheck = 1230;
				TargetAttributes = {
					186CAE6525C8B7D00007EF9F = {
						CreatedOnToolsVersion = 12.3;
					};
					186CAE7B25C8B7D10007EF9F = {
						CreatedOnToolsVersion = 12.3;
						TestTargetID = 186CAE6525C8B7D00007EF9F;
					};
					186CAE8625C8B7D10007EF9F = {
						CreatedOnToolsVersion = 12.3;
						TestTargetID = 186CAE6525C8B7D00007EF9F;
					};
				};
			};
			buildConfigurationList = 186CAE6125C8B7D00007EF9F /* Build configuration list for PBXProject "CoinBoard" */;
			compatibilityVersion = "Xcode 9.3";
			developmentRegion = en;
			hasScannedForEncodings = 0;
			knownRegions = (
				en,
				Base,
			);
			mainGroup = 186CAE5D25C8B7D00007EF9F;
			productRefGroup = 186CAE6725C8B7D00007EF9F /* Products */;
			projectDirPath = "";
			projectRoot = "";
			targets = (
				186CAE6525C8B7D00007EF9F /* CoinBoard */,
				186CAE7B25C8B7D10007EF9F /* CoinBoardTests */,
				186CAE8625C8B7D10007EF9F /* CoinBoardUITests */,
			);
		};
/* End PBXProject section */

/* Begin PBXResourcesBuildPhase section */
		186CAE6425C8B7D00007EF9F /* Resources */ = {
			isa = PBXResourcesBuildPhase;
			buildActionMask = 2147483647;
			files = (
				186CAE7625C8B7D10007EF9F /* LaunchScreen.storyboard in Resources */,
				1822F61225CA38080085CDE9 /* Chart.storyboard in Resources */,
				1822F61725CA38190085CDE9 /* News.storyboard in Resources */,
				186CAE7325C8B7D10007EF9F /* Assets.xcassets in Resources */,
				186CAE7125C8B7D00007EF9F /* Main.storyboard in Resources */,
				1822F61D25CA382A0085CDE9 /* Settings.storyboard in Resources */,
			);
			runOnlyForDeploymentPostprocessing = 0;
		};
		186CAE7A25C8B7D10007EF9F /* Resources */ = {
			isa = PBXResourcesBuildPhase;
			buildActionMask = 2147483647;
			files = (
			);
			runOnlyForDeploymentPostprocessing = 0;
		};
		186CAE8525C8B7D10007EF9F /* Resources */ = {
			isa = PBXResourcesBuildPhase;
			buildActionMask = 2147483647;
			files = (
			);
			runOnlyForDeploymentPostprocessing = 0;
		};
/* End PBXResourcesBuildPhase section */

/* Begin PBXShellScriptBuildPhase section */
		0B84CD7E116209E7B0973F90 /* [CP] Check Pods Manifest.lock */ = {
			isa = PBXShellScriptBuildPhase;
			buildActionMask = 2147483647;
			files = (
			);
			inputFileListPaths = (
			);
			inputPaths = (
				"${PODS_PODFILE_DIR_PATH}/Podfile.lock",
				"${PODS_ROOT}/Manifest.lock",
			);
			name = "[CP] Check Pods Manifest.lock";
			outputFileListPaths = (
			);
			outputPaths = (
				"$(DERIVED_FILE_DIR)/Pods-CoinBoard-checkManifestLockResult.txt",
			);
			runOnlyForDeploymentPostprocessing = 0;
			shellPath = /bin/sh;
			shellScript = "diff \"${PODS_PODFILE_DIR_PATH}/Podfile.lock\" \"${PODS_ROOT}/Manifest.lock\" > /dev/null\nif [ $? != 0 ] ; then\n    # print error to STDERR\n    echo \"error: The sandbox is not in sync with the Podfile.lock. Run 'pod install' or update your CocoaPods installation.\" >&2\n    exit 1\nfi\n# This output is used by Xcode 'outputs' to avoid re-running this script phase.\necho \"SUCCESS\" > \"${SCRIPT_OUTPUT_FILE_0}\"\n";
			showEnvVarsInLog = 0;
		};
		255F2B48ABDB10F21B6335E0 /* [CP] Embed Pods Frameworks */ = {
			isa = PBXShellScriptBuildPhase;
			buildActionMask = 2147483647;
			files = (
			);
			inputFileListPaths = (
				"${PODS_ROOT}/Target Support Files/Pods-CoinBoard/Pods-CoinBoard-frameworks-${CONFIGURATION}-input-files.xcfilelist",
			);
			name = "[CP] Embed Pods Frameworks";
			outputFileListPaths = (
				"${PODS_ROOT}/Target Support Files/Pods-CoinBoard/Pods-CoinBoard-frameworks-${CONFIGURATION}-output-files.xcfilelist",
			);
			runOnlyForDeploymentPostprocessing = 0;
			shellPath = /bin/sh;
			shellScript = "\"${PODS_ROOT}/Target Support Files/Pods-CoinBoard/Pods-CoinBoard-frameworks.sh\"\n";
			showEnvVarsInLog = 0;
		};
		82710E727CB9AC13F0DB5896 /* [CP] Check Pods Manifest.lock */ = {
			isa = PBXShellScriptBuildPhase;
			buildActionMask = 2147483647;
			files = (
			);
			inputFileListPaths = (
			);
			inputPaths = (
				"${PODS_PODFILE_DIR_PATH}/Podfile.lock",
				"${PODS_ROOT}/Manifest.lock",
			);
			name = "[CP] Check Pods Manifest.lock";
			outputFileListPaths = (
			);
			outputPaths = (
				"$(DERIVED_FILE_DIR)/Pods-CoinBoard-CoinBoardUITests-checkManifestLockResult.txt",
			);
			runOnlyForDeploymentPostprocessing = 0;
			shellPath = /bin/sh;
			shellScript = "diff \"${PODS_PODFILE_DIR_PATH}/Podfile.lock\" \"${PODS_ROOT}/Manifest.lock\" > /dev/null\nif [ $? != 0 ] ; then\n    # print error to STDERR\n    echo \"error: The sandbox is not in sync with the Podfile.lock. Run 'pod install' or update your CocoaPods installation.\" >&2\n    exit 1\nfi\n# This output is used by Xcode 'outputs' to avoid re-running this script phase.\necho \"SUCCESS\" > \"${SCRIPT_OUTPUT_FILE_0}\"\n";
			showEnvVarsInLog = 0;
		};
		9A5A392FA9E615E18021EC82 /* [CP] Embed Pods Frameworks */ = {
			isa = PBXShellScriptBuildPhase;
			buildActionMask = 2147483647;
			files = (
			);
			inputFileListPaths = (
				"${PODS_ROOT}/Target Support Files/Pods-CoinBoard-CoinBoardUITests/Pods-CoinBoard-CoinBoardUITests-frameworks-${CONFIGURATION}-input-files.xcfilelist",
			);
			name = "[CP] Embed Pods Frameworks";
			outputFileListPaths = (
				"${PODS_ROOT}/Target Support Files/Pods-CoinBoard-CoinBoardUITests/Pods-CoinBoard-CoinBoardUITests-frameworks-${CONFIGURATION}-output-files.xcfilelist",
			);
			runOnlyForDeploymentPostprocessing = 0;
			shellPath = /bin/sh;
			shellScript = "\"${PODS_ROOT}/Target Support Files/Pods-CoinBoard-CoinBoardUITests/Pods-CoinBoard-CoinBoardUITests-frameworks.sh\"\n";
			showEnvVarsInLog = 0;
		};
		F9F86F9EB2A791D4C9EDE23B /* [CP] Check Pods Manifest.lock */ = {
			isa = PBXShellScriptBuildPhase;
			buildActionMask = 2147483647;
			files = (
			);
			inputFileListPaths = (
			);
			inputPaths = (
				"${PODS_PODFILE_DIR_PATH}/Podfile.lock",
				"${PODS_ROOT}/Manifest.lock",
			);
			name = "[CP] Check Pods Manifest.lock";
			outputFileListPaths = (
			);
			outputPaths = (
				"$(DERIVED_FILE_DIR)/Pods-CoinBoardTests-checkManifestLockResult.txt",
			);
			runOnlyForDeploymentPostprocessing = 0;
			shellPath = /bin/sh;
			shellScript = "diff \"${PODS_PODFILE_DIR_PATH}/Podfile.lock\" \"${PODS_ROOT}/Manifest.lock\" > /dev/null\nif [ $? != 0 ] ; then\n    # print error to STDERR\n    echo \"error: The sandbox is not in sync with the Podfile.lock. Run 'pod install' or update your CocoaPods installation.\" >&2\n    exit 1\nfi\n# This output is used by Xcode 'outputs' to avoid re-running this script phase.\necho \"SUCCESS\" > \"${SCRIPT_OUTPUT_FILE_0}\"\n";
			showEnvVarsInLog = 0;
		};
/* End PBXShellScriptBuildPhase section */

/* Begin PBXSourcesBuildPhase section */
		186CAE6225C8B7D00007EF9F /* Sources */ = {
			isa = PBXSourcesBuildPhase;
			buildActionMask = 2147483647;
			files = (
				18E5264A25CB9AE400D95067 /* NewsListRequest.swift in Sources */,
				18E5262025CB8EEA00D95067 /* Period.swift in Sources */,
				18E5261425CB8ED000D95067 /* Article.swift in Sources */,
				186CAE6A25C8B7D00007EF9F /* AppDelegate.swift in Sources */,
				18E5264F25CB9B3100D95067 /* NetworkManager.swift in Sources */,
				1822F5FD25CA35D10085CDE9 /* ChartListViewController.swift in Sources */,
				18E5263625CB96EB00D95067 /* Request.swift in Sources */,
				1822F60225CA35DE0085CDE9 /* ChartDetailViewController.swift in Sources */,
				18E5263B25CB99F200D95067 /* EndPoint.swift in Sources */,
				1822F60725CA35F00085CDE9 /* NewsViewController.swift in Sources */,
				186CAE6C25C8B7D00007EF9F /* SceneDelegate.swift in Sources */,
				18E5264525CB9A8A00D95067 /* CoinChartDataRequest.swift in Sources */,
				18E5261B25CB8EE200D95067 /* CoinData.swift in Sources */,
				18E5261625CB8ED900D95067 /* ChartData.swift in Sources */,
				1822F60C25CA35FA0085CDE9 /* SettingsViewController.swift in Sources */,
				18E5264025CB9A3900D95067 /* CoinListRequest.swift in Sources */,
			);
			runOnlyForDeploymentPostprocessing = 0;
		};
		186CAE7825C8B7D10007EF9F /* Sources */ = {
			isa = PBXSourcesBuildPhase;
			buildActionMask = 2147483647;
			files = (
				186CAE8125C8B7D10007EF9F /* CoinBoardTests.swift in Sources */,
			);
			runOnlyForDeploymentPostprocessing = 0;
		};
		186CAE8325C8B7D10007EF9F /* Sources */ = {
			isa = PBXSourcesBuildPhase;
			buildActionMask = 2147483647;
			files = (
				186CAE8C25C8B7D10007EF9F /* CoinBoardUITests.swift in Sources */,
			);
			runOnlyForDeploymentPostprocessing = 0;
		};
/* End PBXSourcesBuildPhase section */

/* Begin PBXTargetDependency section */
		186CAE7E25C8B7D10007EF9F /* PBXTargetDependency */ = {
			isa = PBXTargetDependency;
			target = 186CAE6525C8B7D00007EF9F /* CoinBoard */;
			targetProxy = 186CAE7D25C8B7D10007EF9F /* PBXContainerItemProxy */;
		};
		186CAE8925C8B7D10007EF9F /* PBXTargetDependency */ = {
			isa = PBXTargetDependency;
			target = 186CAE6525C8B7D00007EF9F /* CoinBoard */;
			targetProxy = 186CAE8825C8B7D10007EF9F /* PBXContainerItemProxy */;
		};
/* End PBXTargetDependency section */

/* Begin PBXVariantGroup section */
		1822F61025CA38080085CDE9 /* Chart.storyboard */ = {
			isa = PBXVariantGroup;
			children = (
				1822F61125CA38080085CDE9 /* Base */,
			);
			name = Chart.storyboard;
			sourceTree = "<group>";
		};
		1822F61B25CA382A0085CDE9 /* Settings.storyboard */ = {
			isa = PBXVariantGroup;
			children = (
				1822F61C25CA382A0085CDE9 /* Base */,
			);
			name = Settings.storyboard;
			sourceTree = "<group>";
		};
		186CAE6F25C8B7D00007EF9F /* Main.storyboard */ = {
			isa = PBXVariantGroup;
			children = (
				186CAE7025C8B7D00007EF9F /* Base */,
			);
			name = Main.storyboard;
			sourceTree = "<group>";
		};
		186CAE7425C8B7D10007EF9F /* LaunchScreen.storyboard */ = {
			isa = PBXVariantGroup;
			children = (
				186CAE7525C8B7D10007EF9F /* Base */,
			);
			name = LaunchScreen.storyboard;
			sourceTree = "<group>";
		};
/* End PBXVariantGroup section */

/* Begin XCBuildConfiguration section */
		186CAE8E25C8B7D10007EF9F /* Debug */ = {
			isa = XCBuildConfiguration;
			buildSettings = {
				ALWAYS_SEARCH_USER_PATHS = NO;
				CLANG_ANALYZER_NONNULL = YES;
				CLANG_ANALYZER_NUMBER_OBJECT_CONVERSION = YES_AGGRESSIVE;
				CLANG_CXX_LANGUAGE_STANDARD = "gnu++14";
				CLANG_CXX_LIBRARY = "libc++";
				CLANG_ENABLE_MODULES = YES;
				CLANG_ENABLE_OBJC_ARC = YES;
				CLANG_ENABLE_OBJC_WEAK = YES;
				CLANG_WARN_BLOCK_CAPTURE_AUTORELEASING = YES;
				CLANG_WARN_BOOL_CONVERSION = YES;
				CLANG_WARN_COMMA = YES;
				CLANG_WARN_CONSTANT_CONVERSION = YES;
				CLANG_WARN_DEPRECATED_OBJC_IMPLEMENTATIONS = YES;
				CLANG_WARN_DIRECT_OBJC_ISA_USAGE = YES_ERROR;
				CLANG_WARN_DOCUMENTATION_COMMENTS = YES;
				CLANG_WARN_EMPTY_BODY = YES;
				CLANG_WARN_ENUM_CONVERSION = YES;
				CLANG_WARN_INFINITE_RECURSION = YES;
				CLANG_WARN_INT_CONVERSION = YES;
				CLANG_WARN_NON_LITERAL_NULL_CONVERSION = YES;
				CLANG_WARN_OBJC_IMPLICIT_RETAIN_SELF = YES;
				CLANG_WARN_OBJC_LITERAL_CONVERSION = YES;
				CLANG_WARN_OBJC_ROOT_CLASS = YES_ERROR;
				CLANG_WARN_QUOTED_INCLUDE_IN_FRAMEWORK_HEADER = YES;
				CLANG_WARN_RANGE_LOOP_ANALYSIS = YES;
				CLANG_WARN_STRICT_PROTOTYPES = YES;
				CLANG_WARN_SUSPICIOUS_MOVE = YES;
				CLANG_WARN_UNGUARDED_AVAILABILITY = YES_AGGRESSIVE;
				CLANG_WARN_UNREACHABLE_CODE = YES;
				CLANG_WARN__DUPLICATE_METHOD_MATCH = YES;
				COPY_PHASE_STRIP = NO;
				DEBUG_INFORMATION_FORMAT = dwarf;
				ENABLE_STRICT_OBJC_MSGSEND = YES;
				ENABLE_TESTABILITY = YES;
				GCC_C_LANGUAGE_STANDARD = gnu11;
				GCC_DYNAMIC_NO_PIC = NO;
				GCC_NO_COMMON_BLOCKS = YES;
				GCC_OPTIMIZATION_LEVEL = 0;
				GCC_PREPROCESSOR_DEFINITIONS = (
					"DEBUG=1",
					"$(inherited)",
				);
				GCC_WARN_64_TO_32_BIT_CONVERSION = YES;
				GCC_WARN_ABOUT_RETURN_TYPE = YES_ERROR;
				GCC_WARN_UNDECLARED_SELECTOR = YES;
				GCC_WARN_UNINITIALIZED_AUTOS = YES_AGGRESSIVE;
				GCC_WARN_UNUSED_FUNCTION = YES;
				GCC_WARN_UNUSED_VARIABLE = YES;
				IPHONEOS_DEPLOYMENT_TARGET = 14.3;
				MTL_ENABLE_DEBUG_INFO = INCLUDE_SOURCE;
				MTL_FAST_MATH = YES;
				ONLY_ACTIVE_ARCH = YES;
				SDKROOT = iphoneos;
				SWIFT_ACTIVE_COMPILATION_CONDITIONS = DEBUG;
				SWIFT_OPTIMIZATION_LEVEL = "-Onone";
			};
			name = Debug;
		};
		186CAE8F25C8B7D10007EF9F /* Release */ = {
			isa = XCBuildConfiguration;
			buildSettings = {
				ALWAYS_SEARCH_USER_PATHS = NO;
				CLANG_ANALYZER_NONNULL = YES;
				CLANG_ANALYZER_NUMBER_OBJECT_CONVERSION = YES_AGGRESSIVE;
				CLANG_CXX_LANGUAGE_STANDARD = "gnu++14";
				CLANG_CXX_LIBRARY = "libc++";
				CLANG_ENABLE_MODULES = YES;
				CLANG_ENABLE_OBJC_ARC = YES;
				CLANG_ENABLE_OBJC_WEAK = YES;
				CLANG_WARN_BLOCK_CAPTURE_AUTORELEASING = YES;
				CLANG_WARN_BOOL_CONVERSION = YES;
				CLANG_WARN_COMMA = YES;
				CLANG_WARN_CONSTANT_CONVERSION = YES;
				CLANG_WARN_DEPRECATED_OBJC_IMPLEMENTATIONS = YES;
				CLANG_WARN_DIRECT_OBJC_ISA_USAGE = YES_ERROR;
				CLANG_WARN_DOCUMENTATION_COMMENTS = YES;
				CLANG_WARN_EMPTY_BODY = YES;
				CLANG_WARN_ENUM_CONVERSION = YES;
				CLANG_WARN_INFINITE_RECURSION = YES;
				CLANG_WARN_INT_CONVERSION = YES;
				CLANG_WARN_NON_LITERAL_NULL_CONVERSION = YES;
				CLANG_WARN_OBJC_IMPLICIT_RETAIN_SELF = YES;
				CLANG_WARN_OBJC_LITERAL_CONVERSION = YES;
				CLANG_WARN_OBJC_ROOT_CLASS = YES_ERROR;
				CLANG_WARN_QUOTED_INCLUDE_IN_FRAMEWORK_HEADER = YES;
				CLANG_WARN_RANGE_LOOP_ANALYSIS = YES;
				CLANG_WARN_STRICT_PROTOTYPES = YES;
				CLANG_WARN_SUSPICIOUS_MOVE = YES;
				CLANG_WARN_UNGUARDED_AVAILABILITY = YES_AGGRESSIVE;
				CLANG_WARN_UNREACHABLE_CODE = YES;
				CLANG_WARN__DUPLICATE_METHOD_MATCH = YES;
				COPY_PHASE_STRIP = NO;
				DEBUG_INFORMATION_FORMAT = "dwarf-with-dsym";
				ENABLE_NS_ASSERTIONS = NO;
				ENABLE_STRICT_OBJC_MSGSEND = YES;
				GCC_C_LANGUAGE_STANDARD = gnu11;
				GCC_NO_COMMON_BLOCKS = YES;
				GCC_WARN_64_TO_32_BIT_CONVERSION = YES;
				GCC_WARN_ABOUT_RETURN_TYPE = YES_ERROR;
				GCC_WARN_UNDECLARED_SELECTOR = YES;
				GCC_WARN_UNINITIALIZED_AUTOS = YES_AGGRESSIVE;
				GCC_WARN_UNUSED_FUNCTION = YES;
				GCC_WARN_UNUSED_VARIABLE = YES;
				IPHONEOS_DEPLOYMENT_TARGET = 14.3;
				MTL_ENABLE_DEBUG_INFO = NO;
				MTL_FAST_MATH = YES;
				SDKROOT = iphoneos;
				SWIFT_COMPILATION_MODE = wholemodule;
				SWIFT_OPTIMIZATION_LEVEL = "-O";
				VALIDATE_PRODUCT = YES;
			};
			name = Release;
		};
		186CAE9125C8B7D10007EF9F /* Debug */ = {
			isa = XCBuildConfiguration;
			baseConfigurationReference = 94A7507B67EA1B770CBDE48A /* Pods-CoinBoard.debug.xcconfig */;
			buildSettings = {
				ASSETCATALOG_COMPILER_APPICON_NAME = AppIcon;
				ASSETCATALOG_COMPILER_GLOBAL_ACCENT_COLOR_NAME = AccentColor;
				CODE_SIGN_IDENTITY = "Apple Development";
				CODE_SIGN_STYLE = Automatic;
				DEVELOPMENT_TEAM = 4FTFKXF8N5;
				INFOPLIST_FILE = CoinBoard/Info.plist;
				LD_RUNPATH_SEARCH_PATHS = (
					"$(inherited)",
					"@executable_path/Frameworks",
				);
				PRODUCT_BUNDLE_IDENTIFIER = com.JeongminKim.CoinBoardforiOS;
				PRODUCT_NAME = "$(TARGET_NAME)";
				PROVISIONING_PROFILE_SPECIFIER = "";
				SWIFT_VERSION = 5.0;
				TARGETED_DEVICE_FAMILY = "1,2";
			};
			name = Debug;
		};
		186CAE9225C8B7D10007EF9F /* Release */ = {
			isa = XCBuildConfiguration;
			baseConfigurationReference = EAC6114E1FD2056ACDA12604 /* Pods-CoinBoard.release.xcconfig */;
			buildSettings = {
				ASSETCATALOG_COMPILER_APPICON_NAME = AppIcon;
				ASSETCATALOG_COMPILER_GLOBAL_ACCENT_COLOR_NAME = AccentColor;
				CODE_SIGN_IDENTITY = "Apple Development";
				CODE_SIGN_STYLE = Automatic;
				DEVELOPMENT_TEAM = 4FTFKXF8N5;
				INFOPLIST_FILE = CoinBoard/Info.plist;
				LD_RUNPATH_SEARCH_PATHS = (
					"$(inherited)",
					"@executable_path/Frameworks",
				);
				PRODUCT_BUNDLE_IDENTIFIER = com.JeongminKim.CoinBoardforiOS;
				PRODUCT_NAME = "$(TARGET_NAME)";
				PROVISIONING_PROFILE_SPECIFIER = "";
				SWIFT_VERSION = 5.0;
				TARGETED_DEVICE_FAMILY = "1,2";
			};
			name = Release;
		};
		186CAE9425C8B7D10007EF9F /* Debug */ = {
			isa = XCBuildConfiguration;
			baseConfigurationReference = 591DA14D20A4F0A9488E706A /* Pods-CoinBoardTests.debug.xcconfig */;
			buildSettings = {
				ALWAYS_EMBED_SWIFT_STANDARD_LIBRARIES = YES;
				BUNDLE_LOADER = "$(TEST_HOST)";
				CODE_SIGN_STYLE = Automatic;
				DEVELOPMENT_TEAM = GKWNA6U353;
				INFOPLIST_FILE = CoinBoardTests/Info.plist;
				IPHONEOS_DEPLOYMENT_TARGET = 14.3;
				LD_RUNPATH_SEARCH_PATHS = (
					"$(inherited)",
					"@executable_path/Frameworks",
					"@loader_path/Frameworks",
				);
				PRODUCT_BUNDLE_IDENTIFIER = com.JeongminKim.CoinBoardTests;
				PRODUCT_NAME = "$(TARGET_NAME)";
				SWIFT_VERSION = 5.0;
				TARGETED_DEVICE_FAMILY = "1,2";
				TEST_HOST = "$(BUILT_PRODUCTS_DIR)/CoinBoard.app/CoinBoard";
			};
			name = Debug;
		};
		186CAE9525C8B7D10007EF9F /* Release */ = {
			isa = XCBuildConfiguration;
			baseConfigurationReference = DDC3B10D53D132956EC0881D /* Pods-CoinBoardTests.release.xcconfig */;
			buildSettings = {
				ALWAYS_EMBED_SWIFT_STANDARD_LIBRARIES = YES;
				BUNDLE_LOADER = "$(TEST_HOST)";
				CODE_SIGN_STYLE = Automatic;
				DEVELOPMENT_TEAM = GKWNA6U353;
				INFOPLIST_FILE = CoinBoardTests/Info.plist;
				IPHONEOS_DEPLOYMENT_TARGET = 14.3;
				LD_RUNPATH_SEARCH_PATHS = (
					"$(inherited)",
					"@executable_path/Frameworks",
					"@loader_path/Frameworks",
				);
				PRODUCT_BUNDLE_IDENTIFIER = com.JeongminKim.CoinBoardTests;
				PRODUCT_NAME = "$(TARGET_NAME)";
				SWIFT_VERSION = 5.0;
				TARGETED_DEVICE_FAMILY = "1,2";
				TEST_HOST = "$(BUILT_PRODUCTS_DIR)/CoinBoard.app/CoinBoard";
			};
			name = Release;
		};
		186CAE9725C8B7D10007EF9F /* Debug */ = {
			isa = XCBuildConfiguration;
			baseConfigurationReference = 78D1D1FDD12621199E4F7B35 /* Pods-CoinBoard-CoinBoardUITests.debug.xcconfig */;
			buildSettings = {
				ALWAYS_EMBED_SWIFT_STANDARD_LIBRARIES = YES;
				CODE_SIGN_STYLE = Automatic;
				DEVELOPMENT_TEAM = GKWNA6U353;
				INFOPLIST_FILE = CoinBoardUITests/Info.plist;
				LD_RUNPATH_SEARCH_PATHS = (
					"$(inherited)",
					"@executable_path/Frameworks",
					"@loader_path/Frameworks",
				);
				PRODUCT_BUNDLE_IDENTIFIER = com.JeongminKim.CoinBoardUITests;
				PRODUCT_NAME = "$(TARGET_NAME)";
				SWIFT_VERSION = 5.0;
				TARGETED_DEVICE_FAMILY = "1,2";
				TEST_TARGET_NAME = CoinBoard;
			};
			name = Debug;
		};
		186CAE9825C8B7D10007EF9F /* Release */ = {
			isa = XCBuildConfiguration;
			baseConfigurationReference = D73D409E962773C299C6380B /* Pods-CoinBoard-CoinBoardUITests.release.xcconfig */;
			buildSettings = {
				ALWAYS_EMBED_SWIFT_STANDARD_LIBRARIES = YES;
				CODE_SIGN_STYLE = Automatic;
				DEVELOPMENT_TEAM = GKWNA6U353;
				INFOPLIST_FILE = CoinBoardUITests/Info.plist;
				LD_RUNPATH_SEARCH_PATHS = (
					"$(inherited)",
					"@executable_path/Frameworks",
					"@loader_path/Frameworks",
				);
				PRODUCT_BUNDLE_IDENTIFIER = com.JeongminKim.CoinBoardUITests;
				PRODUCT_NAME = "$(TARGET_NAME)";
				SWIFT_VERSION = 5.0;
				TARGETED_DEVICE_FAMILY = "1,2";
				TEST_TARGET_NAME = CoinBoard;
			};
			name = Release;
		};
/* End XCBuildConfiguration section */

/* Begin XCConfigurationList section */
		186CAE6125C8B7D00007EF9F /* Build configuration list for PBXProject "CoinBoard" */ = {
			isa = XCConfigurationList;
			buildConfigurations = (
				186CAE8E25C8B7D10007EF9F /* Debug */,
				186CAE8F25C8B7D10007EF9F /* Release */,
			);
			defaultConfigurationIsVisible = 0;
			defaultConfigurationName = Release;
		};
		186CAE9025C8B7D10007EF9F /* Build configuration list for PBXNativeTarget "CoinBoard" */ = {
			isa = XCConfigurationList;
			buildConfigurations = (
				186CAE9125C8B7D10007EF9F /* Debug */,
				186CAE9225C8B7D10007EF9F /* Release */,
			);
			defaultConfigurationIsVisible = 0;
			defaultConfigurationName = Release;
		};
		186CAE9325C8B7D10007EF9F /* Build configuration list for PBXNativeTarget "CoinBoardTests" */ = {
			isa = XCConfigurationList;
			buildConfigurations = (
				186CAE9425C8B7D10007EF9F /* Debug */,
				186CAE9525C8B7D10007EF9F /* Release */,
			);
			defaultConfigurationIsVisible = 0;
			defaultConfigurationName = Release;
		};
		186CAE9625C8B7D10007EF9F /* Build configuration list for PBXNativeTarget "CoinBoardUITests" */ = {
			isa = XCConfigurationList;
			buildConfigurations = (
				186CAE9725C8B7D10007EF9F /* Debug */,
				186CAE9825C8B7D10007EF9F /* Release */,
			);
			defaultConfigurationIsVisible = 0;
			defaultConfigurationName = Release;
		};
/* End XCConfigurationList section */
	};
	rootObject = 186CAE5E25C8B7D00007EF9F /* Project object */;
}
